
Microsoft Visual Studio Solution File, Format Version 12.00
# Visual Studio Version 17
VisualStudioVersion = 17.5.33502.453
MinimumVisualStudioVersion = 10.0.40219.1
Project("{8BC9CEB8-8B4A-11D0-8D11-00A0C91BC942}") = "json_benchmarks", "test_driver.vcxproj", "{7B15CF21-BA73-4769-ACC5-C22E2B0F313B}"
EndProject
Project("{8BC9CEB8-8B4A-11D0-8D11-00A0C91BC942}") = "nlohmann_parser", "parsers\nlohmann\nlohmann.vcxproj", "{D29C3129-933F-4656-80D5-03E7B82088FF}"
EndProject
Project("{8BC9CEB8-8B4A-11D0-8D11-00A0C91BC942}") = "rapidjson_parser", "parsers\rapidjson\rapidjson.vcxproj", "{FA4E3422-0206-4D99-8C6C-83114FD70DE2}"
EndProject
Project("{8BC9CEB8-8B4A-11D0-8D11-00A0C91BC942}") = "taojson_parser", "parsers\taojson_parser\taojson_parser.vcxproj", "{8916A435-838C-408F-87F1-68C55E45A4C0}"
EndProject
Global
	GlobalSection(SolutionConfigurationPlatforms) = preSolution
		Debug|x64 = Debug|x64
		Debug|x86 = Debug|x86
		Release|x64 = Release|x64
		Release|x86 = Release|x86
	EndGlobalSection
	GlobalSection(ProjectConfigurationPlatforms) = postSolution
		{7B15CF21-BA73-4769-ACC5-C22E2B0F313B}.Debug|x64.ActiveCfg = Debug|x64
		{7B15CF21-BA73-4769-ACC5-C22E2B0F313B}.Debug|x64.Build.0 = Debug|x64
		{7B15CF21-BA73-4769-ACC5-C22E2B0F313B}.Debug|x86.ActiveCfg = Debug|Win32
		{7B15CF21-BA73-4769-ACC5-C22E2B0F313B}.Debug|x86.Build.0 = Debug|Win32
		{7B15CF21-BA73-4769-ACC5-C22E2B0F313B}.Release|x64.ActiveCfg = Release|x64
		{7B15CF21-BA73-4769-ACC5-C22E2B0F313B}.Release|x64.Build.0 = Release|x64
		{7B15CF21-BA73-4769-ACC5-C22E2B0F313B}.Release|x86.ActiveCfg = Release|Win32
		{7B15CF21-BA73-4769-ACC5-C22E2B0F313B}.Release|x86.Build.0 = Release|Win32
		{D29C3129-933F-4656-80D5-03E7B82088FF}.Debug|x64.ActiveCfg = Debug|x64
		{D29C3129-933F-4656-80D5-03E7B82088FF}.Debug|x64.Build.0 = Debug|x64
		{D29C3129-933F-4656-80D5-03E7B82088FF}.Debug|x86.ActiveCfg = Debug|Win32
		{D29C3129-933F-4656-80D5-03E7B82088FF}.Debug|x86.Build.0 = Debug|Win32
		{D29C3129-933F-4656-80D5-03E7B82088FF}.Release|x64.ActiveCfg = Release|x64
		{D29C3129-933F-4656-80D5-03E7B82088FF}.Release|x64.Build.0 = Release|x64
		{D29C3129-933F-4656-80D5-03E7B82088FF}.Release|x86.ActiveCfg = Release|Win32
		{D29C3129-933F-4656-80D5-03E7B82088FF}.Release|x86.Build.0 = Release|Win32
		{FA4E3422-0206-4D99-8C6C-83114FD70DE2}.Debug|x64.ActiveCfg = Debug|x64
		{FA4E3422-0206-4D99-8C6C-83114FD70DE2}.Debug|x64.Build.0 = Debug|x64
		{FA4E3422-0206-4D99-8C6C-83114FD70DE2}.Debug|x86.ActiveCfg = Debug|Win32
		{FA4E3422-0206-4D99-8C6C-83114FD70DE2}.Debug|x86.Build.0 = Debug|Win32
		{FA4E3422-0206-4D99-8C6C-83114FD70DE2}.Release|x64.ActiveCfg = Release|x64
		{FA4E3422-0206-4D99-8C6C-83114FD70DE2}.Release|x64.Build.0 = Release|x64
		{FA4E3422-0206-4D99-8C6C-83114FD70DE2}.Release|x86.ActiveCfg = Release|Win32
		{FA4E3422-0206-4D99-8C6C-83114FD70DE2}.Release|x86.Build.0 = Release|Win32
		{8916A435-838C-408F-87F1-68C55E45A4C0}.Debug|x64.ActiveCfg = Debug|x64
		{8916A435-838C-408F-87F1-68C55E45A4C0}.Debug|x64.Build.0 = Debug|x64
		{8916A435-838C-408F-87F1-68C55E45A4C0}.Debug|x86.ActiveCfg = Debug|Win32
		{8916A435-838C-408F-87F1-68C55E45A4C0}.Debug|x86.Build.0 = Debug|Win32
		{8916A435-838C-408F-87F1-68C55E45A4C0}.Release|x64.ActiveCfg = Release|x64
		{8916A435-838C-408F-87F1-68C55E45A4C0}.Release|x64.Build.0 = Release|x64
		{8916A435-838C-408F-87F1-68C55E45A4C0}.Release|x86.ActiveCfg = Release|Win32
		{8916A435-838C-408F-87F1-68C55E45A4C0}.Release|x86.Build.0 = Release|Win32
	EndGlobalSection
	GlobalSection(SolutionProperties) = preSolution
		HideSolutionNode = FALSE
	EndGlobalSection
	GlobalSection(ExtensibilityGlobals) = postSolution
		SolutionGuid = {0AA0B75C-E752-484B-A4DE-D30E071D663A}
	EndGlobalSection
EndGlobal
