
Microsoft Visual Studio Solution File, Format Version 12.00
# Visual Studio 15
VisualStudioVersion = 15.0.28307.572
MinimumVisualStudioVersion = 10.0.40219.1
Project("{8BC9CEB8-8B4A-11D0-8D11-00A0C91BC942}") = "test_driver", "test_driver.vcxproj", "{7B15CF21-BA73-4769-ACC5-C22E2B0F313B}"
EndProject
Project("{8BC9CEB8-8B4A-11D0-8D11-00A0C91BC942}") = "json_spirit_parser", "parsers\json_spirit\json_spirit.vcxproj", "{BF349889-5C6C-46C4-A531-8F1E03407BC9}"
EndProject
Project("{8BC9CEB8-8B4A-11D0-8D11-00A0C91BC942}") = "nlohmann_parser", "parsers\nlohmann\nlohmann.vcxproj", "{D29C3129-933F-4656-80D5-03E7B82088FF}"
EndProject
Project("{8BC9CEB8-8B4A-11D0-8D11-00A0C91BC942}") = "rapidjson_parser", "parsers\rapidjson\rapidjson.vcxproj", "{FA4E3422-0206-4D99-8C6C-83114FD70DE2}"
EndProject
Global
	GlobalSection(SolutionConfigurationPlatforms) = preSolution
		Debug|x64 = Debug|x64
		Debug|x86 = Debug|x86
		Release|x64 = Release|x64
		Release|x86 = Release|x86
	EndGlobalSection
	GlobalSection(ProjectConfigurationPlatforms) = postSolution
		{7B15CF21-BA73-4769-ACC5-C22E2B0F313B}.Debug|x64.ActiveCfg = Debug|x64
		{7B15CF21-BA73-4769-ACC5-C22E2B0F313B}.Debug|x64.Build.0 = Debug|x64
		{7B15CF21-BA73-4769-ACC5-C22E2B0F313B}.Debug|x86.ActiveCfg = Debug|Win32
		{7B15CF21-BA73-4769-ACC5-C22E2B0F313B}.Debug|x86.Build.0 = Debug|Win32
		{7B15CF21-BA73-4769-ACC5-C22E2B0F313B}.Release|x64.ActiveCfg = Release|x64
		{7B15CF21-BA73-4769-ACC5-C22E2B0F313B}.Release|x64.Build.0 = Release|x64
		{7B15CF21-BA73-4769-ACC5-C22E2B0F313B}.Release|x86.ActiveCfg = Release|Win32
		{7B15CF21-BA73-4769-ACC5-C22E2B0F313B}.Release|x86.Build.0 = Release|Win32
		{BF349889-5C6C-46C4-A531-8F1E03407BC9}.Debug|x64.ActiveCfg = Debug|x64
		{BF349889-5C6C-46C4-A531-8F1E03407BC9}.Debug|x64.Build.0 = Debug|x64
		{BF349889-5C6C-46C4-A531-8F1E03407BC9}.Debug|x86.ActiveCfg = Debug|Win32
		{BF349889-5C6C-46C4-A531-8F1E03407BC9}.Debug|x86.Build.0 = Debug|Win32
		{BF349889-5C6C-46C4-A531-8F1E03407BC9}.Release|x64.ActiveCfg = Release|x64
		{BF349889-5C6C-46C4-A531-8F1E03407BC9}.Release|x64.Build.0 = Release|x64
		{BF349889-5C6C-46C4-A531-8F1E03407BC9}.Release|x86.ActiveCfg = Release|Win32
		{BF349889-5C6C-46C4-A531-8F1E03407BC9}.Release|x86.Build.0 = Release|Win32
		{D29C3129-933F-4656-80D5-03E7B82088FF}.Debug|x64.ActiveCfg = Debug|x64
		{D29C3129-933F-4656-80D5-03E7B82088FF}.Debug|x64.Build.0 = Debug|x64
		{D29C3129-933F-4656-80D5-03E7B82088FF}.Debug|x86.ActiveCfg = Debug|Win32
		{D29C3129-933F-4656-80D5-03E7B82088FF}.Debug|x86.Build.0 = Debug|Win32
		{D29C3129-933F-4656-80D5-03E7B82088FF}.Release|x64.ActiveCfg = Release|x64
		{D29C3129-933F-4656-80D5-03E7B82088FF}.Release|x64.Build.0 = Release|x64
		{D29C3129-933F-4656-80D5-03E7B82088FF}.Release|x86.ActiveCfg = Release|Win32
		{D29C3129-933F-4656-80D5-03E7B82088FF}.Release|x86.Build.0 = Release|Win32
		{FA4E3422-0206-4D99-8C6C-83114FD70DE2}.Debug|x64.ActiveCfg = Debug|x64
		{FA4E3422-0206-4D99-8C6C-83114FD70DE2}.Debug|x64.Build.0 = Debug|x64
		{FA4E3422-0206-4D99-8C6C-83114FD70DE2}.Debug|x86.ActiveCfg = Debug|Win32
		{FA4E3422-0206-4D99-8C6C-83114FD70DE2}.Debug|x86.Build.0 = Debug|Win32
		{FA4E3422-0206-4D99-8C6C-83114FD70DE2}.Release|x64.ActiveCfg = Release|x64
		{FA4E3422-0206-4D99-8C6C-83114FD70DE2}.Release|x64.Build.0 = Release|x64
		{FA4E3422-0206-4D99-8C6C-83114FD70DE2}.Release|x86.ActiveCfg = Release|Win32
		{FA4E3422-0206-4D99-8C6C-83114FD70DE2}.Release|x86.Build.0 = Release|Win32
	EndGlobalSection
	GlobalSection(SolutionProperties) = preSolution
		HideSolutionNode = FALSE
	EndGlobalSection
	GlobalSection(ExtensibilityGlobals) = postSolution
		SolutionGuid = {0AA0B75C-E752-484B-A4DE-D30E071D663A}
	EndGlobalSection
EndGlobal
